PODS:
  - KeyboardFrameChangeListener (1.0.3)
  - Nimble (7.0.3)
  - Quick (1.2.0)

DEPENDENCIES:
  - KeyboardFrameChangeListener (~> 1.0)
  - Nimble (~> 7.0)
  - Quick (~> 1.1)

SPEC CHECKSUMS:
  KeyboardFrameChangeListener: f2640144c3b9fbd094d00792569c2fad6d9aabfd
  Nimble: 7f5a9c447a33002645a071bddafbfb24ea70e0ac
  Quick: 58d203b1c5e27fff7229c4c1ae445ad7069a7a08

PODFILE CHECKSUM: ab6f296de239bf631433ece84d796d717ab6c109

COCOAPODS: 1.4.0
